
Microsoft Visual Studio Solution File, Format Version 12.00
# Visual Studio Version 16
VisualStudioVersion = 16.0.30611.23
MinimumVisualStudioVersion = 10.0.40219.1
Project("{FAE04EC0-301F-11D3-BF4B-00C04F79EFBC}") = "StrategyPatternLabb", "StrategyPatternLabb\StrategyPatternLabb.csproj", "{0F9D5CA2-D386-4EC4-9AA4-B299D72932DE}"
EndProject
Global
	GlobalSection(SolutionConfigurationPlatforms) = preSolution
		Debug|Any CPU = Debug|Any CPU
		Release|Any CPU = Release|Any CPU
	EndGlobalSection
	GlobalSection(ProjectConfigurationPlatforms) = postSolution
		{0F9D5CA2-D386-4EC4-9AA4-B299D72932DE}.Debug|Any CPU.ActiveCfg = Debug|Any CPU
		{0F9D5CA2-D386-4EC4-9AA4-B299D72932DE}.Debug|Any CPU.Build.0 = Debug|Any CPU
		{0F9D5CA2-D386-4EC4-9AA4-B299D72932DE}.Release|Any CPU.ActiveCfg = Release|Any CPU
		{0F9D5CA2-D386-4EC4-9AA4-B299D72932DE}.Release|Any CPU.Build.0 = Release|Any CPU
	EndGlobalSection
	GlobalSection(SolutionProperties) = preSolution
		HideSolutionNode = FALSE
	EndGlobalSection
	GlobalSection(ExtensibilityGlobals) = postSolution
		SolutionGuid = {C0992CE0-EECC-4DC6-9D54-58057148990C}
	EndGlobalSection
EndGlobal
